// !$*UTF8*$!
{
	archiveVersion = 1;
	classes = {
	};
	objectVersion = 46;
	objects = {

/* Begin PBXGroup section */
		EE98D0CC1D82FF0400D7F230 = {
			isa = PBXGroup;
			children = (
			);
			sourceTree = "<group>";
		};
/* End PBXGroup section */

/* Begin PBXProject section */
		EE98D0CD1D82FF0400D7F230 /* Project object */ = {
			isa = PBXProject;
			attributes = {
				LastUpgradeCheck = 0800;
			};
			buildConfigurationList = EE98D0D01D82FF0400D7F230 /* Build configuration list for PBXProject "CodingKataW4" */;
			compatibilityVersion = "Xcode 3.2";
			developmentRegion = English;
			hasScannedForEncodings = 0;
			knownRegions = (
				en,
			);
			mainGroup = EE98D0CC1D82FF0400D7F230;
			projectDirPath = "";
			projectRoot = "";
			targets = (
			);
		};
/* End PBXProject section */

/* Begin XCBuildConfiguration section */
		EE98D0D11D82FF0400D7F230 /* Debug */ = {
			isa = XCBuildConfiguration;
			buildSettings = {
			};
			name = Debug;
		};
		EE98D0D21D82FF0400D7F230 /* Release */ = {
			isa = XCBuildConfiguration;
			buildSettings = {
			};
			name = Release;
		};
/* End XCBuildConfiguration section */

/* Begin XCConfigurationList section */
		EE98D0D01D82FF0400D7F230 /* Build configuration list for PBXProject "CodingKataW4" */ = {
			isa = XCConfigurationList;
			buildConfigurations = (
				EE98D0D11D82FF0400D7F230 /* Debug */,
				EE98D0D21D82FF0400D7F230 /* Release */,
			);
			defaultConfigurationIsVisible = 0;
			defaultConfigurationName = Release;
		};
/* End XCConfigurationList section */
	};
	rootObject = EE98D0CD1D82FF0400D7F230 /* Project object */;
}
